{
   "name": "tarefa2",
   "version": "1.0.0",
   "lockfileVersion": 3,
   "requires": true,
   "packages": {
      "": {
         "name": "tarefa2",
         "version": "1.0.0",
         "license": "ISC",
         "dependencies": {
            "readline-sync": "^1.4.10"
         },
         "devDependencies": {
            "prettier": "2.8.4"
         }
      },
      "node_modules/prettier": {
         "version": "2.8.4",
         "resolved": "https://registry.npmjs.org/prettier/-/prettier-2.8.4.tgz",
         "integrity": "sha512-vIS4Rlc2FNh0BySk3Wkd6xmwxB0FpOndW5fisM5H8hsZSxU2VWVB5CWIkIjWvrHjIhxk2g3bfMKM87zNTrZddw==",
         "dev": true,
         "bin": {
            "prettier": "bin-prettier.js"
         },
         "engines": {
            "node": ">=10.13.0"
         },
         "funding": {
            "url": "https://github.com/prettier/prettier?sponsor=1"
         }
      },
      "node_modules/readline-sync": {
         "version": "1.4.10",
         "resolved": "https://registry.npmjs.org/readline-sync/-/readline-sync-1.4.10.tgz",
         "integrity": "sha512-gNva8/6UAe8QYepIQH/jQ2qn91Qj0B9sYjMBBs3QOB8F2CXcKgLxQaJRP76sWVRQt+QU+8fAkCbCvjjMFu7Ycw==",
         "engines": {
            "node": ">= 0.8.0"
         }
      }
   }
}
